{
  "version": 4,
  "terraform_version": "1.5.7",
  "serial": 16,
  "lineage": "d8db2821-0993-36bb-ac71-3ce66d0a95df",
  "outputs": {},
  "resources": [
    {
      "module": "module.argocd",
      "mode": "managed",
      "type": "helm_release",
      "name": "argocd",
      "provider": "provider[\"registry.terraform.io/hashicorp/helm\"]",
      "instances": [
        {
          "schema_version": 1,
          "attributes": {
            "atomic": false,
            "chart": "argo-cd",
            "cleanup_on_fail": false,
            "create_namespace": true,
            "dependency_update": false,
            "description": null,
            "devel": null,
            "disable_crd_hooks": false,
            "disable_openapi_validation": false,
            "disable_webhooks": false,
            "force_update": false,
            "id": "argocd",
            "keyring": null,
            "lint": false,
            "manifest": null,
            "max_history": 0,
            "metadata": [
              {
                "app_version": "v2.9.3",
                "chart": "argo-cd",
                "name": "argocd",
                "namespace": "argocd",
                "revision": 6,
                "values": "{\"configs\":{\"params\":{\"server.insecure\":true},\"secret\":{\"argocdServerAdminPassword\":\"(sensitive value)\"}},\"dex\":{\"enabled\":true},\"server\":{\"config\":{\"url\":\"argocd.chalk-playground.space\"}}}",
                "version": "5.52.2"
              }
            ],
            "name": "argocd",
            "namespace": "argocd",
            "pass_credentials": false,
            "postrender": [],
            "recreate_pods": false,
            "render_subchart_notes": true,
            "replace": false,
            "repository": "https://argoproj.github.io/argo-helm",
            "repository_ca_file": null,
            "repository_cert_file": null,
            "repository_key_file": null,
            "repository_password": null,
            "repository_username": null,
            "reset_values": false,
            "reuse_values": false,
            "set": [
              {
                "name": "configs.params.server\\.insecure",
                "type": "",
                "value": "true"
              },
              {
                "name": "dex.enabled",
                "type": "",
                "value": "true"
              }
            ],
            "set_list": [],
            "set_sensitive": [
              {
                "name": "configs.secret.argocdServerAdminPassword",
                "type": "",
                "value": "$2a$10$RyxOzGl3sYAbUY8iw8UOjOD9J0ke1GLT4tJK1WS9rILrN8QSiS.L."
              }
            ],
            "skip_crds": false,
            "status": "deployed",
            "timeout": 800,
            "values": [
              "server:\n  config:\n    url: argocd.chalk-playground.space\n"
            ],
            "verify": false,
            "version": "5.52.2",
            "wait": true,
            "wait_for_jobs": false
          },
          "sensitive_attributes": [],
          "private": "eyJzY2hlbWFfdmVyc2lvbiI6IjEifQ=="
        }
      ]
    }
  ],
  "check_results": null
}
